
Microsoft Visual Studio Solution File, Format Version 12.00
# Visual Studio Version 17
VisualStudioVersion = 17.5.33424.131
MinimumVisualStudioVersion = 10.0.40219.1
Project("{FAE04EC0-301F-11D3-BF4B-00C04F79EFBC}") = "EjemploPrototype", "EjemploPrototype.csproj", "{7422B345-0AEF-438A-B1A6-7275784AD013}"
EndProject
Global
	GlobalSection(SolutionConfigurationPlatforms) = preSolution
		Debug|Any CPU = Debug|Any CPU
		Release|Any CPU = Release|Any CPU
	EndGlobalSection
	GlobalSection(ProjectConfigurationPlatforms) = postSolution
		{7422B345-0AEF-438A-B1A6-7275784AD013}.Debug|Any CPU.ActiveCfg = Debug|Any CPU
		{7422B345-0AEF-438A-B1A6-7275784AD013}.Debug|Any CPU.Build.0 = Debug|Any CPU
		{7422B345-0AEF-438A-B1A6-7275784AD013}.Release|Any CPU.ActiveCfg = Release|Any CPU
		{7422B345-0AEF-438A-B1A6-7275784AD013}.Release|Any CPU.Build.0 = Release|Any CPU
	EndGlobalSection
	GlobalSection(SolutionProperties) = preSolution
		HideSolutionNode = FALSE
	EndGlobalSection
	GlobalSection(ExtensibilityGlobals) = postSolution
		SolutionGuid = {FCAFB211-18C6-49CE-B78B-D3DC76AE110C}
	EndGlobalSection
EndGlobal
